
Microsoft Visual Studio Solution File, Format Version 12.00
# Visual Studio 14
VisualStudioVersion = 14.0.25420.1
MinimumVisualStudioVersion = 10.0.40219.1
Project("{FAE04EC0-301F-11D3-BF4B-00C04F79EFBC}") = "LK", "LK\LK\LK.csproj", "{ABD9BA45-20DC-4292-A179-16309492DE00}"
EndProject
Project("{FAE04EC0-301F-11D3-BF4B-00C04F79EFBC}") = "LK.Droid", "LK\LK.Droid\LK.Droid.csproj", "{60BF7E5D-C128-4E42-8519-08F91203F23A}"
EndProject
Project("{FAE04EC0-301F-11D3-BF4B-00C04F79EFBC}") = "LK.iOS", "LK\LK.iOS\LK.iOS.csproj", "{7877262A-C4F5-41C4-863B-DFE8CA145CBB}"
EndProject
Project("{FAE04EC0-301F-11D3-BF4B-00C04F79EFBC}") = "LK.UWP", "LK\LK.UWP\LK.UWP.csproj", "{E624BF0C-E01E-4DF6-92DF-157CC694AFFE}"
EndProject
Global
	GlobalSection(SolutionConfigurationPlatforms) = preSolution
		Ad-Hoc|Any CPU = Ad-Hoc|Any CPU
		Ad-Hoc|ARM = Ad-Hoc|ARM
		Ad-Hoc|iPhone = Ad-Hoc|iPhone
		Ad-Hoc|iPhoneSimulator = Ad-Hoc|iPhoneSimulator
		Ad-Hoc|x64 = Ad-Hoc|x64
		Ad-Hoc|x86 = Ad-Hoc|x86
		AppStore|Any CPU = AppStore|Any CPU
		AppStore|ARM = AppStore|ARM
		AppStore|iPhone = AppStore|iPhone
		AppStore|iPhoneSimulator = AppStore|iPhoneSimulator
		AppStore|x64 = AppStore|x64
		AppStore|x86 = AppStore|x86
		Debug|Any CPU = Debug|Any CPU
		Debug|ARM = Debug|ARM
		Debug|iPhone = Debug|iPhone
		Debug|iPhoneSimulator = Debug|iPhoneSimulator
		Debug|x64 = Debug|x64
		Debug|x86 = Debug|x86
		Release|Any CPU = Release|Any CPU
		Release|ARM = Release|ARM
		Release|iPhone = Release|iPhone
		Release|iPhoneSimulator = Release|iPhoneSimulator
		Release|x64 = Release|x64
		Release|x86 = Release|x86
	EndGlobalSection
	GlobalSection(ProjectConfigurationPlatforms) = postSolution
		{ABD9BA45-20DC-4292-A179-16309492DE00}.Ad-Hoc|Any CPU.ActiveCfg = Release|Any CPU
		{ABD9BA45-20DC-4292-A179-16309492DE00}.Ad-Hoc|Any CPU.Build.0 = Release|Any CPU
		{ABD9BA45-20DC-4292-A179-16309492DE00}.Ad-Hoc|ARM.ActiveCfg = Release|Any CPU
		{ABD9BA45-20DC-4292-A179-16309492DE00}.Ad-Hoc|ARM.Build.0 = Release|Any CPU
		{ABD9BA45-20DC-4292-A179-16309492DE00}.Ad-Hoc|iPhone.ActiveCfg = Release|Any CPU
		{ABD9BA45-20DC-4292-A179-16309492DE00}.Ad-Hoc|iPhone.Build.0 = Release|Any CPU
		{ABD9BA45-20DC-4292-A179-16309492DE00}.Ad-Hoc|iPhoneSimulator.ActiveCfg = Release|Any CPU
		{ABD9BA45-20DC-4292-A179-16309492DE00}.Ad-Hoc|iPhoneSimulator.Build.0 = Release|Any CPU
		{ABD9BA45-20DC-4292-A179-16309492DE00}.Ad-Hoc|x64.ActiveCfg = Release|Any CPU
		{ABD9BA45-20DC-4292-A179-16309492DE00}.Ad-Hoc|x64.Build.0 = Release|Any CPU
		{ABD9BA45-20DC-4292-A179-16309492DE00}.Ad-Hoc|x86.ActiveCfg = Release|Any CPU
		{ABD9BA45-20DC-4292-A179-16309492DE00}.Ad-Hoc|x86.Build.0 = Release|Any CPU
		{ABD9BA45-20DC-4292-A179-16309492DE00}.AppStore|Any CPU.ActiveCfg = Release|Any CPU
		{ABD9BA45-20DC-4292-A179-16309492DE00}.AppStore|Any CPU.Build.0 = Release|Any CPU
		{ABD9BA45-20DC-4292-A179-16309492DE00}.AppStore|ARM.ActiveCfg = Release|Any CPU
		{ABD9BA45-20DC-4292-A179-16309492DE00}.AppStore|ARM.Build.0 = Release|Any CPU
		{ABD9BA45-20DC-4292-A179-16309492DE00}.AppStore|iPhone.ActiveCfg = Release|Any CPU
		{ABD9BA45-20DC-4292-A179-16309492DE00}.AppStore|iPhone.Build.0 = Release|Any CPU
		{ABD9BA45-20DC-4292-A179-16309492DE00}.AppStore|iPhoneSimulator.ActiveCfg = Release|Any CPU
		{ABD9BA45-20DC-4292-A179-16309492DE00}.AppStore|iPhoneSimulator.Build.0 = Release|Any CPU
		{ABD9BA45-20DC-4292-A179-16309492DE00}.AppStore|x64.ActiveCfg = Release|Any CPU
		{ABD9BA45-20DC-4292-A179-16309492DE00}.AppStore|x64.Build.0 = Release|Any CPU
		{ABD9BA45-20DC-4292-A179-16309492DE00}.AppStore|x86.ActiveCfg = Release|Any CPU
		{ABD9BA45-20DC-4292-A179-16309492DE00}.AppStore|x86.Build.0 = Release|Any CPU
		{ABD9BA45-20DC-4292-A179-16309492DE00}.Debug|Any CPU.ActiveCfg = Debug|Any CPU
		{ABD9BA45-20DC-4292-A179-16309492DE00}.Debug|Any CPU.Build.0 = Debug|Any CPU
		{ABD9BA45-20DC-4292-A179-16309492DE00}.Debug|ARM.ActiveCfg = Debug|Any CPU
		{ABD9BA45-20DC-4292-A179-16309492DE00}.Debug|ARM.Build.0 = Debug|Any CPU
		{ABD9BA45-20DC-4292-A179-16309492DE00}.Debug|iPhone.ActiveCfg = Debug|Any CPU
		{ABD9BA45-20DC-4292-A179-16309492DE00}.Debug|iPhone.Build.0 = Debug|Any CPU
		{ABD9BA45-20DC-4292-A179-16309492DE00}.Debug|iPhoneSimulator.ActiveCfg = Debug|Any CPU
		{ABD9BA45-20DC-4292-A179-16309492DE00}.Debug|iPhoneSimulator.Build.0 = Debug|Any CPU
		{ABD9BA45-20DC-4292-A179-16309492DE00}.Debug|x64.ActiveCfg = Debug|Any CPU
		{ABD9BA45-20DC-4292-A179-16309492DE00}.Debug|x64.Build.0 = Debug|Any CPU
		{ABD9BA45-20DC-4292-A179-16309492DE00}.Debug|x86.ActiveCfg = Debug|Any CPU
		{ABD9BA45-20DC-4292-A179-16309492DE00}.Debug|x86.Build.0 = Debug|Any CPU
		{ABD9BA45-20DC-4292-A179-16309492DE00}.Release|Any CPU.ActiveCfg = Release|Any CPU
		{ABD9BA45-20DC-4292-A179-16309492DE00}.Release|Any CPU.Build.0 = Release|Any CPU
		{ABD9BA45-20DC-4292-A179-16309492DE00}.Release|ARM.ActiveCfg = Release|Any CPU
		{ABD9BA45-20DC-4292-A179-16309492DE00}.Release|ARM.Build.0 = Release|Any CPU
		{ABD9BA45-20DC-4292-A179-16309492DE00}.Release|iPhone.ActiveCfg = Release|Any CPU
		{ABD9BA45-20DC-4292-A179-16309492DE00}.Release|iPhone.Build.0 = Release|Any CPU
		{ABD9BA45-20DC-4292-A179-16309492DE00}.Release|iPhoneSimulator.ActiveCfg = Release|Any CPU
		{ABD9BA45-20DC-4292-A179-16309492DE00}.Release|iPhoneSimulator.Build.0 = Release|Any CPU
		{ABD9BA45-20DC-4292-A179-16309492DE00}.Release|x64.ActiveCfg = Release|Any CPU
		{ABD9BA45-20DC-4292-A179-16309492DE00}.Release|x64.Build.0 = Release|Any CPU
		{ABD9BA45-20DC-4292-A179-16309492DE00}.Release|x86.ActiveCfg = Release|Any CPU
		{ABD9BA45-20DC-4292-A179-16309492DE00}.Release|x86.Build.0 = Release|Any CPU
		{60BF7E5D-C128-4E42-8519-08F91203F23A}.Ad-Hoc|Any CPU.ActiveCfg = Release|Any CPU
		{60BF7E5D-C128-4E42-8519-08F91203F23A}.Ad-Hoc|Any CPU.Build.0 = Release|Any CPU
		{60BF7E5D-C128-4E42-8519-08F91203F23A}.Ad-Hoc|Any CPU.Deploy.0 = Release|Any CPU
		{60BF7E5D-C128-4E42-8519-08F91203F23A}.Ad-Hoc|ARM.ActiveCfg = Release|Any CPU
		{60BF7E5D-C128-4E42-8519-08F91203F23A}.Ad-Hoc|ARM.Build.0 = Release|Any CPU
		{60BF7E5D-C128-4E42-8519-08F91203F23A}.Ad-Hoc|ARM.Deploy.0 = Release|Any CPU
		{60BF7E5D-C128-4E42-8519-08F91203F23A}.Ad-Hoc|iPhone.ActiveCfg = Release|Any CPU
		{60BF7E5D-C128-4E42-8519-08F91203F23A}.Ad-Hoc|iPhone.Build.0 = Release|Any CPU
		{60BF7E5D-C128-4E42-8519-08F91203F23A}.Ad-Hoc|iPhone.Deploy.0 = Release|Any CPU
		{60BF7E5D-C128-4E42-8519-08F91203F23A}.Ad-Hoc|iPhoneSimulator.ActiveCfg = Release|Any CPU
		{60BF7E5D-C128-4E42-8519-08F91203F23A}.Ad-Hoc|iPhoneSimulator.Build.0 = Release|Any CPU
		{60BF7E5D-C128-4E42-8519-08F91203F23A}.Ad-Hoc|iPhoneSimulator.Deploy.0 = Release|Any CPU
		{60BF7E5D-C128-4E42-8519-08F91203F23A}.Ad-Hoc|x64.ActiveCfg = Release|Any CPU
		{60BF7E5D-C128-4E42-8519-08F91203F23A}.Ad-Hoc|x64.Build.0 = Release|Any CPU
		{60BF7E5D-C128-4E42-8519-08F91203F23A}.Ad-Hoc|x64.Deploy.0 = Release|Any CPU
		{60BF7E5D-C128-4E42-8519-08F91203F23A}.Ad-Hoc|x86.ActiveCfg = Release|Any CPU
		{60BF7E5D-C128-4E42-8519-08F91203F23A}.Ad-Hoc|x86.Build.0 = Release|Any CPU
		{60BF7E5D-C128-4E42-8519-08F91203F23A}.Ad-Hoc|x86.Deploy.0 = Release|Any CPU
		{60BF7E5D-C128-4E42-8519-08F91203F23A}.AppStore|Any CPU.ActiveCfg = Release|Any CPU
		{60BF7E5D-C128-4E42-8519-08F91203F23A}.AppStore|Any CPU.Build.0 = Release|Any CPU
		{60BF7E5D-C128-4E42-8519-08F91203F23A}.AppStore|Any CPU.Deploy.0 = Release|Any CPU
		{60BF7E5D-C128-4E42-8519-08F91203F23A}.AppStore|ARM.ActiveCfg = Release|Any CPU
		{60BF7E5D-C128-4E42-8519-08F91203F23A}.AppStore|ARM.Build.0 = Release|Any CPU
		{60BF7E5D-C128-4E42-8519-08F91203F23A}.AppStore|ARM.Deploy.0 = Release|Any CPU
		{60BF7E5D-C128-4E42-8519-08F91203F23A}.AppStore|iPhone.ActiveCfg = Release|Any CPU
		{60BF7E5D-C128-4E42-8519-08F91203F23A}.AppStore|iPhone.Build.0 = Release|Any CPU
		{60BF7E5D-C128-4E42-8519-08F91203F23A}.AppStore|iPhone.Deploy.0 = Release|Any CPU
		{60BF7E5D-C128-4E42-8519-08F91203F23A}.AppStore|iPhoneSimulator.ActiveCfg = Release|Any CPU
		{60BF7E5D-C128-4E42-8519-08F91203F23A}.AppStore|iPhoneSimulator.Build.0 = Release|Any CPU
		{60BF7E5D-C128-4E42-8519-08F91203F23A}.AppStore|iPhoneSimulator.Deploy.0 = Release|Any CPU
		{60BF7E5D-C128-4E42-8519-08F91203F23A}.AppStore|x64.ActiveCfg = Release|Any CPU
		{60BF7E5D-C128-4E42-8519-08F91203F23A}.AppStore|x64.Build.0 = Release|Any CPU
		{60BF7E5D-C128-4E42-8519-08F91203F23A}.AppStore|x64.Deploy.0 = Release|Any CPU
		{60BF7E5D-C128-4E42-8519-08F91203F23A}.AppStore|x86.ActiveCfg = Release|Any CPU
		{60BF7E5D-C128-4E42-8519-08F91203F23A}.AppStore|x86.Build.0 = Release|Any CPU
		{60BF7E5D-C128-4E42-8519-08F91203F23A}.AppStore|x86.Deploy.0 = Release|Any CPU
		{60BF7E5D-C128-4E42-8519-08F91203F23A}.Debug|Any CPU.ActiveCfg = Debug|Any CPU
		{60BF7E5D-C128-4E42-8519-08F91203F23A}.Debug|Any CPU.Build.0 = Debug|Any CPU
		{60BF7E5D-C128-4E42-8519-08F91203F23A}.Debug|Any CPU.Deploy.0 = Debug|Any CPU
		{60BF7E5D-C128-4E42-8519-08F91203F23A}.Debug|ARM.ActiveCfg = Debug|Any CPU
		{60BF7E5D-C128-4E42-8519-08F91203F23A}.Debug|ARM.Build.0 = Debug|Any CPU
		{60BF7E5D-C128-4E42-8519-08F91203F23A}.Debug|ARM.Deploy.0 = Debug|Any CPU
		{60BF7E5D-C128-4E42-8519-08F91203F23A}.Debug|iPhone.ActiveCfg = Debug|Any CPU
		{60BF7E5D-C128-4E42-8519-08F91203F23A}.Debug|iPhone.Build.0 = Debug|Any CPU
		{60BF7E5D-C128-4E42-8519-08F91203F23A}.Debug|iPhone.Deploy.0 = Debug|Any CPU
		{60BF7E5D-C128-4E42-8519-08F91203F23A}.Debug|iPhoneSimulator.ActiveCfg = Debug|Any CPU
		{60BF7E5D-C128-4E42-8519-08F91203F23A}.Debug|iPhoneSimulator.Build.0 = Debug|Any CPU
		{60BF7E5D-C128-4E42-8519-08F91203F23A}.Debug|iPhoneSimulator.Deploy.0 = Debug|Any CPU
		{60BF7E5D-C128-4E42-8519-08F91203F23A}.Debug|x64.ActiveCfg = Debug|Any CPU
		{60BF7E5D-C128-4E42-8519-08F91203F23A}.Debug|x64.Build.0 = Debug|Any CPU
		{60BF7E5D-C128-4E42-8519-08F91203F23A}.Debug|x64.Deploy.0 = Debug|Any CPU
		{60BF7E5D-C128-4E42-8519-08F91203F23A}.Debug|x86.ActiveCfg = Debug|Any CPU
		{60BF7E5D-C128-4E42-8519-08F91203F23A}.Debug|x86.Build.0 = Debug|Any CPU
		{60BF7E5D-C128-4E42-8519-08F91203F23A}.Debug|x86.Deploy.0 = Debug|Any CPU
		{60BF7E5D-C128-4E42-8519-08F91203F23A}.Release|Any CPU.ActiveCfg = Release|Any CPU
		{60BF7E5D-C128-4E42-8519-08F91203F23A}.Release|Any CPU.Build.0 = Release|Any CPU
		{60BF7E5D-C128-4E42-8519-08F91203F23A}.Release|Any CPU.Deploy.0 = Release|Any CPU
		{60BF7E5D-C128-4E42-8519-08F91203F23A}.Release|ARM.ActiveCfg = Release|Any CPU
		{60BF7E5D-C128-4E42-8519-08F91203F23A}.Release|ARM.Build.0 = Release|Any CPU
		{60BF7E5D-C128-4E42-8519-08F91203F23A}.Release|ARM.Deploy.0 = Release|Any CPU
		{60BF7E5D-C128-4E42-8519-08F91203F23A}.Release|iPhone.ActiveCfg = Release|Any CPU
		{60BF7E5D-C128-4E42-8519-08F91203F23A}.Release|iPhone.Build.0 = Release|Any CPU
		{60BF7E5D-C128-4E42-8519-08F91203F23A}.Release|iPhone.Deploy.0 = Release|Any CPU
		{60BF7E5D-C128-4E42-8519-08F91203F23A}.Release|iPhoneSimulator.ActiveCfg = Release|Any CPU
		{60BF7E5D-C128-4E42-8519-08F91203F23A}.Release|iPhoneSimulator.Build.0 = Release|Any CPU
		{60BF7E5D-C128-4E42-8519-08F91203F23A}.Release|iPhoneSimulator.Deploy.0 = Release|Any CPU
		{60BF7E5D-C128-4E42-8519-08F91203F23A}.Release|x64.ActiveCfg = Release|Any CPU
		{60BF7E5D-C128-4E42-8519-08F91203F23A}.Release|x64.Build.0 = Release|Any CPU
		{60BF7E5D-C128-4E42-8519-08F91203F23A}.Release|x64.Deploy.0 = Release|Any CPU
		{60BF7E5D-C128-4E42-8519-08F91203F23A}.Release|x86.ActiveCfg = Release|Any CPU
		{60BF7E5D-C128-4E42-8519-08F91203F23A}.Release|x86.Build.0 = Release|Any CPU
		{60BF7E5D-C128-4E42-8519-08F91203F23A}.Release|x86.Deploy.0 = Release|Any CPU
		{7877262A-C4F5-41C4-863B-DFE8CA145CBB}.Ad-Hoc|Any CPU.ActiveCfg = Ad-Hoc|iPhone
		{7877262A-C4F5-41C4-863B-DFE8CA145CBB}.Ad-Hoc|ARM.ActiveCfg = Ad-Hoc|iPhone
		{7877262A-C4F5-41C4-863B-DFE8CA145CBB}.Ad-Hoc|iPhone.ActiveCfg = Ad-Hoc|iPhone
		{7877262A-C4F5-41C4-863B-DFE8CA145CBB}.Ad-Hoc|iPhone.Build.0 = Ad-Hoc|iPhone
		{7877262A-C4F5-41C4-863B-DFE8CA145CBB}.Ad-Hoc|iPhoneSimulator.ActiveCfg = Ad-Hoc|iPhoneSimulator
		{7877262A-C4F5-41C4-863B-DFE8CA145CBB}.Ad-Hoc|iPhoneSimulator.Build.0 = Ad-Hoc|iPhoneSimulator
		{7877262A-C4F5-41C4-863B-DFE8CA145CBB}.Ad-Hoc|x64.ActiveCfg = Ad-Hoc|iPhone
		{7877262A-C4F5-41C4-863B-DFE8CA145CBB}.Ad-Hoc|x86.ActiveCfg = Ad-Hoc|iPhone
		{7877262A-C4F5-41C4-863B-DFE8CA145CBB}.AppStore|Any CPU.ActiveCfg = AppStore|iPhone
		{7877262A-C4F5-41C4-863B-DFE8CA145CBB}.AppStore|ARM.ActiveCfg = AppStore|iPhone
		{7877262A-C4F5-41C4-863B-DFE8CA145CBB}.AppStore|iPhone.ActiveCfg = AppStore|iPhone
		{7877262A-C4F5-41C4-863B-DFE8CA145CBB}.AppStore|iPhone.Build.0 = AppStore|iPhone
		{7877262A-C4F5-41C4-863B-DFE8CA145CBB}.AppStore|iPhoneSimulator.ActiveCfg = AppStore|iPhoneSimulator
		{7877262A-C4F5-41C4-863B-DFE8CA145CBB}.AppStore|iPhoneSimulator.Build.0 = AppStore|iPhoneSimulator
		{7877262A-C4F5-41C4-863B-DFE8CA145CBB}.AppStore|x64.ActiveCfg = AppStore|iPhone
		{7877262A-C4F5-41C4-863B-DFE8CA145CBB}.AppStore|x86.ActiveCfg = AppStore|iPhone
		{7877262A-C4F5-41C4-863B-DFE8CA145CBB}.Debug|Any CPU.ActiveCfg = Debug|iPhone
		{7877262A-C4F5-41C4-863B-DFE8CA145CBB}.Debug|ARM.ActiveCfg = Debug|iPhone
		{7877262A-C4F5-41C4-863B-DFE8CA145CBB}.Debug|iPhone.ActiveCfg = Debug|iPhone
		{7877262A-C4F5-41C4-863B-DFE8CA145CBB}.Debug|iPhone.Build.0 = Debug|iPhone
		{7877262A-C4F5-41C4-863B-DFE8CA145CBB}.Debug|iPhoneSimulator.ActiveCfg = Debug|iPhoneSimulator
		{7877262A-C4F5-41C4-863B-DFE8CA145CBB}.Debug|iPhoneSimulator.Build.0 = Debug|iPhoneSimulator
		{7877262A-C4F5-41C4-863B-DFE8CA145CBB}.Debug|x64.ActiveCfg = Debug|iPhone
		{7877262A-C4F5-41C4-863B-DFE8CA145CBB}.Debug|x86.ActiveCfg = Debug|iPhone
		{7877262A-C4F5-41C4-863B-DFE8CA145CBB}.Release|Any CPU.ActiveCfg = Release|iPhone
		{7877262A-C4F5-41C4-863B-DFE8CA145CBB}.Release|ARM.ActiveCfg = Release|iPhone
		{7877262A-C4F5-41C4-863B-DFE8CA145CBB}.Release|iPhone.ActiveCfg = Release|iPhone
		{7877262A-C4F5-41C4-863B-DFE8CA145CBB}.Release|iPhone.Build.0 = Release|iPhone
		{7877262A-C4F5-41C4-863B-DFE8CA145CBB}.Release|iPhoneSimulator.ActiveCfg = Release|iPhoneSimulator
		{7877262A-C4F5-41C4-863B-DFE8CA145CBB}.Release|iPhoneSimulator.Build.0 = Release|iPhoneSimulator
		{7877262A-C4F5-41C4-863B-DFE8CA145CBB}.Release|x64.ActiveCfg = Release|iPhone
		{7877262A-C4F5-41C4-863B-DFE8CA145CBB}.Release|x86.ActiveCfg = Release|iPhone
		{E624BF0C-E01E-4DF6-92DF-157CC694AFFE}.Ad-Hoc|Any CPU.ActiveCfg = Release|x86
		{E624BF0C-E01E-4DF6-92DF-157CC694AFFE}.Ad-Hoc|Any CPU.Build.0 = Release|x86
		{E624BF0C-E01E-4DF6-92DF-157CC694AFFE}.Ad-Hoc|Any CPU.Deploy.0 = Release|x86
		{E624BF0C-E01E-4DF6-92DF-157CC694AFFE}.Ad-Hoc|ARM.ActiveCfg = Release|ARM
		{E624BF0C-E01E-4DF6-92DF-157CC694AFFE}.Ad-Hoc|ARM.Build.0 = Release|ARM
		{E624BF0C-E01E-4DF6-92DF-157CC694AFFE}.Ad-Hoc|ARM.Deploy.0 = Release|ARM
		{E624BF0C-E01E-4DF6-92DF-157CC694AFFE}.Ad-Hoc|iPhone.ActiveCfg = Release|x86
		{E624BF0C-E01E-4DF6-92DF-157CC694AFFE}.Ad-Hoc|iPhone.Build.0 = Release|x86
		{E624BF0C-E01E-4DF6-92DF-157CC694AFFE}.Ad-Hoc|iPhone.Deploy.0 = Release|x86
		{E624BF0C-E01E-4DF6-92DF-157CC694AFFE}.Ad-Hoc|iPhoneSimulator.ActiveCfg = Release|x86
		{E624BF0C-E01E-4DF6-92DF-157CC694AFFE}.Ad-Hoc|iPhoneSimulator.Build.0 = Release|x86
		{E624BF0C-E01E-4DF6-92DF-157CC694AFFE}.Ad-Hoc|iPhoneSimulator.Deploy.0 = Release|x86
		{E624BF0C-E01E-4DF6-92DF-157CC694AFFE}.Ad-Hoc|x64.ActiveCfg = Release|x64
		{E624BF0C-E01E-4DF6-92DF-157CC694AFFE}.Ad-Hoc|x64.Build.0 = Release|x64
		{E624BF0C-E01E-4DF6-92DF-157CC694AFFE}.Ad-Hoc|x64.Deploy.0 = Release|x64
		{E624BF0C-E01E-4DF6-92DF-157CC694AFFE}.Ad-Hoc|x86.ActiveCfg = Release|x86
		{E624BF0C-E01E-4DF6-92DF-157CC694AFFE}.Ad-Hoc|x86.Build.0 = Release|x86
		{E624BF0C-E01E-4DF6-92DF-157CC694AFFE}.Ad-Hoc|x86.Deploy.0 = Release|x86
		{E624BF0C-E01E-4DF6-92DF-157CC694AFFE}.AppStore|Any CPU.ActiveCfg = Release|x86
		{E624BF0C-E01E-4DF6-92DF-157CC694AFFE}.AppStore|Any CPU.Build.0 = Release|x86
		{E624BF0C-E01E-4DF6-92DF-157CC694AFFE}.AppStore|Any CPU.Deploy.0 = Release|x86
		{E624BF0C-E01E-4DF6-92DF-157CC694AFFE}.AppStore|ARM.ActiveCfg = Release|ARM
		{E624BF0C-E01E-4DF6-92DF-157CC694AFFE}.AppStore|ARM.Build.0 = Release|ARM
		{E624BF0C-E01E-4DF6-92DF-157CC694AFFE}.AppStore|ARM.Deploy.0 = Release|ARM
		{E624BF0C-E01E-4DF6-92DF-157CC694AFFE}.AppStore|iPhone.ActiveCfg = Release|x86
		{E624BF0C-E01E-4DF6-92DF-157CC694AFFE}.AppStore|iPhone.Build.0 = Release|x86
		{E624BF0C-E01E-4DF6-92DF-157CC694AFFE}.AppStore|iPhone.Deploy.0 = Release|x86
		{E624BF0C-E01E-4DF6-92DF-157CC694AFFE}.AppStore|iPhoneSimulator.ActiveCfg = Release|x86
		{E624BF0C-E01E-4DF6-92DF-157CC694AFFE}.AppStore|iPhoneSimulator.Build.0 = Release|x86
		{E624BF0C-E01E-4DF6-92DF-157CC694AFFE}.AppStore|iPhoneSimulator.Deploy.0 = Release|x86
		{E624BF0C-E01E-4DF6-92DF-157CC694AFFE}.AppStore|x64.ActiveCfg = Release|x64
		{E624BF0C-E01E-4DF6-92DF-157CC694AFFE}.AppStore|x64.Build.0 = Release|x64
		{E624BF0C-E01E-4DF6-92DF-157CC694AFFE}.AppStore|x64.Deploy.0 = Release|x64
		{E624BF0C-E01E-4DF6-92DF-157CC694AFFE}.AppStore|x86.ActiveCfg = Release|x86
		{E624BF0C-E01E-4DF6-92DF-157CC694AFFE}.AppStore|x86.Build.0 = Release|x86
		{E624BF0C-E01E-4DF6-92DF-157CC694AFFE}.AppStore|x86.Deploy.0 = Release|x86
		{E624BF0C-E01E-4DF6-92DF-157CC694AFFE}.Debug|Any CPU.ActiveCfg = Debug|x86
		{E624BF0C-E01E-4DF6-92DF-157CC694AFFE}.Debug|ARM.ActiveCfg = Debug|ARM
		{E624BF0C-E01E-4DF6-92DF-157CC694AFFE}.Debug|ARM.Build.0 = Debug|ARM
		{E624BF0C-E01E-4DF6-92DF-157CC694AFFE}.Debug|ARM.Deploy.0 = Debug|ARM
		{E624BF0C-E01E-4DF6-92DF-157CC694AFFE}.Debug|iPhone.ActiveCfg = Debug|x86
		{E624BF0C-E01E-4DF6-92DF-157CC694AFFE}.Debug|iPhoneSimulator.ActiveCfg = Debug|x86
		{E624BF0C-E01E-4DF6-92DF-157CC694AFFE}.Debug|x64.ActiveCfg = Debug|x64
		{E624BF0C-E01E-4DF6-92DF-157CC694AFFE}.Debug|x64.Build.0 = Debug|x64
		{E624BF0C-E01E-4DF6-92DF-157CC694AFFE}.Debug|x64.Deploy.0 = Debug|x64
		{E624BF0C-E01E-4DF6-92DF-157CC694AFFE}.Debug|x86.ActiveCfg = Debug|x86
		{E624BF0C-E01E-4DF6-92DF-157CC694AFFE}.Debug|x86.Build.0 = Debug|x86
		{E624BF0C-E01E-4DF6-92DF-157CC694AFFE}.Debug|x86.Deploy.0 = Debug|x86
		{E624BF0C-E01E-4DF6-92DF-157CC694AFFE}.Release|Any CPU.ActiveCfg = Release|x86
		{E624BF0C-E01E-4DF6-92DF-157CC694AFFE}.Release|ARM.ActiveCfg = Release|ARM
		{E624BF0C-E01E-4DF6-92DF-157CC694AFFE}.Release|ARM.Build.0 = Release|ARM
		{E624BF0C-E01E-4DF6-92DF-157CC694AFFE}.Release|ARM.Deploy.0 = Release|ARM
		{E624BF0C-E01E-4DF6-92DF-157CC694AFFE}.Release|iPhone.ActiveCfg = Release|x86
		{E624BF0C-E01E-4DF6-92DF-157CC694AFFE}.Release|iPhoneSimulator.ActiveCfg = Release|x86
		{E624BF0C-E01E-4DF6-92DF-157CC694AFFE}.Release|x64.ActiveCfg = Release|x64
		{E624BF0C-E01E-4DF6-92DF-157CC694AFFE}.Release|x64.Build.0 = Release|x64
		{E624BF0C-E01E-4DF6-92DF-157CC694AFFE}.Release|x64.Deploy.0 = Release|x64
		{E624BF0C-E01E-4DF6-92DF-157CC694AFFE}.Release|x86.ActiveCfg = Release|x86
		{E624BF0C-E01E-4DF6-92DF-157CC694AFFE}.Release|x86.Build.0 = Release|x86
		{E624BF0C-E01E-4DF6-92DF-157CC694AFFE}.Release|x86.Deploy.0 = Release|x86
	EndGlobalSection
	GlobalSection(SolutionProperties) = preSolution
		HideSolutionNode = FALSE
	EndGlobalSection
EndGlobal
