
Microsoft Visual Studio Solution File, Format Version 12.00
# Visual Studio 14
VisualStudioVersion = 14.0.25420.1
MinimumVisualStudioVersion = 10.0.40219.1
Project("{FAE04EC0-301F-11D3-BF4B-00C04F79EFBC}") = "LKapp.WebJob", "LKapp.WebJob.csproj", "{CCDC677D-67AD-45A9-ACDF-8FC99F150113}"
EndProject
Global
	GlobalSection(SolutionConfigurationPlatforms) = preSolution
		Debug|Any CPU = Debug|Any CPU
		Release|Any CPU = Release|Any CPU
	EndGlobalSection
	GlobalSection(ProjectConfigurationPlatforms) = postSolution
		{CCDC677D-67AD-45A9-ACDF-8FC99F150113}.Debug|Any CPU.ActiveCfg = Debug|Any CPU
		{CCDC677D-67AD-45A9-ACDF-8FC99F150113}.Debug|Any CPU.Build.0 = Debug|Any CPU
		{CCDC677D-67AD-45A9-ACDF-8FC99F150113}.Release|Any CPU.ActiveCfg = Release|Any CPU
		{CCDC677D-67AD-45A9-ACDF-8FC99F150113}.Release|Any CPU.Build.0 = Release|Any CPU
	EndGlobalSection
	GlobalSection(SolutionProperties) = preSolution
		HideSolutionNode = FALSE
	EndGlobalSection
EndGlobal
